
Microsoft Visual Studio Solution File, Format Version 12.00
# Visual Studio Version 16
VisualStudioVersion = 16.0.31624.102
MinimumVisualStudioVersion = 10.0.40219.1
Project("{9A19103F-16F7-4668-BE54-9A1E7A4F7556}") = "Stecpoint Sending Service.API", "Stecpoint Sending Service\Stecpoint Sending Service.API.csproj", "{1B2AEB65-FF24-4911-B356-BAD6767EE6D6}"
EndProject
Project("{9A19103F-16F7-4668-BE54-9A1E7A4F7556}") = "Stecpoint Sending Service.Application", "Application\Stecpoint Sending Service.Application.csproj", "{392364C6-C44A-482C-8F30-0642E75DE7EC}"
EndProject
Project("{9A19103F-16F7-4668-BE54-9A1E7A4F7556}") = "Stecpoint_Sending_Service.Application.Messaging", "Stecpoint Sending Service.Application.Messaging\Stecpoint_Sending_Service.Application.Messaging.csproj", "{A63DA9A8-823D-4E2A-9130-2629FCA9B7FE}"
EndProject
Global
	GlobalSection(SolutionConfigurationPlatforms) = preSolution
		Debug|Any CPU = Debug|Any CPU
		Release|Any CPU = Release|Any CPU
	EndGlobalSection
	GlobalSection(ProjectConfigurationPlatforms) = postSolution
		{1B2AEB65-FF24-4911-B356-BAD6767EE6D6}.Debug|Any CPU.ActiveCfg = Debug|Any CPU
		{1B2AEB65-FF24-4911-B356-BAD6767EE6D6}.Debug|Any CPU.Build.0 = Debug|Any CPU
		{1B2AEB65-FF24-4911-B356-BAD6767EE6D6}.Release|Any CPU.ActiveCfg = Release|Any CPU
		{1B2AEB65-FF24-4911-B356-BAD6767EE6D6}.Release|Any CPU.Build.0 = Release|Any CPU
		{392364C6-C44A-482C-8F30-0642E75DE7EC}.Debug|Any CPU.ActiveCfg = Debug|Any CPU
		{392364C6-C44A-482C-8F30-0642E75DE7EC}.Debug|Any CPU.Build.0 = Debug|Any CPU
		{392364C6-C44A-482C-8F30-0642E75DE7EC}.Release|Any CPU.ActiveCfg = Release|Any CPU
		{392364C6-C44A-482C-8F30-0642E75DE7EC}.Release|Any CPU.Build.0 = Release|Any CPU
		{A63DA9A8-823D-4E2A-9130-2629FCA9B7FE}.Debug|Any CPU.ActiveCfg = Debug|Any CPU
		{A63DA9A8-823D-4E2A-9130-2629FCA9B7FE}.Debug|Any CPU.Build.0 = Debug|Any CPU
		{A63DA9A8-823D-4E2A-9130-2629FCA9B7FE}.Release|Any CPU.ActiveCfg = Release|Any CPU
		{A63DA9A8-823D-4E2A-9130-2629FCA9B7FE}.Release|Any CPU.Build.0 = Release|Any CPU
	EndGlobalSection
	GlobalSection(SolutionProperties) = preSolution
		HideSolutionNode = FALSE
	EndGlobalSection
	GlobalSection(ExtensibilityGlobals) = postSolution
		SolutionGuid = {42B0E117-6A5D-401D-B646-4358A259DAF8}
	EndGlobalSection
EndGlobal
